// !$*UTF8*$!
{
	archiveVersion = 1;
	classes = {
	};
	objectVersion = 46;
	objects = {

/* Begin PBXBuildFile section */
		464D7AC01C766EF400FCC3D8 /* DiveCollectionViewController.swift in Sources */ = {isa = PBXBuildFile; fileRef = 464D7ABF1C766EF400FCC3D8 /* DiveCollectionViewController.swift */; };
		464D7AC21C766F9F00FCC3D8 /* DiveCollectionViewCell.swift in Sources */ = {isa = PBXBuildFile; fileRef = 464D7AC11C766F9F00FCC3D8 /* DiveCollectionViewCell.swift */; };
		46BDB9081C74E237000E5740 /* AppDelegate.swift in Sources */ = {isa = PBXBuildFile; fileRef = 46BDB9071C74E237000E5740 /* AppDelegate.swift */; };
		46BDB90A1C74E237000E5740 /* ViewController.swift in Sources */ = {isa = PBXBuildFile; fileRef = 46BDB9091C74E237000E5740 /* ViewController.swift */; };
		46BDB90D1C74E237000E5740 /* Main.storyboard in Resources */ = {isa = PBXBuildFile; fileRef = 46BDB90B1C74E237000E5740 /* Main.storyboard */; };
		46BDB90F1C74E237000E5740 /* Assets.xcassets in Resources */ = {isa = PBXBuildFile; fileRef = 46BDB90E1C74E237000E5740 /* Assets.xcassets */; };
		46BDB9121C74E237000E5740 /* LaunchScreen.storyboard in Resources */ = {isa = PBXBuildFile; fileRef = 46BDB9101C74E237000E5740 /* LaunchScreen.storyboard */; };
/* End PBXBuildFile section */

/* Begin PBXFileReference section */
		464D7ABF1C766EF400FCC3D8 /* DiveCollectionViewController.swift */ = {isa = PBXFileReference; fileEncoding = 4; lastKnownFileType = sourcecode.swift; path = DiveCollectionViewController.swift; sourceTree = "<group>"; };
		464D7AC11C766F9F00FCC3D8 /* DiveCollectionViewCell.swift */ = {isa = PBXFileReference; fileEncoding = 4; lastKnownFileType = sourcecode.swift; path = DiveCollectionViewCell.swift; sourceTree = "<group>"; };
		46BDB9041C74E237000E5740 /* Dive.app */ = {isa = PBXFileReference; explicitFileType = wrapper.application; includeInIndex = 0; path = Dive.app; sourceTree = BUILT_PRODUCTS_DIR; };
		46BDB9071C74E237000E5740 /* AppDelegate.swift */ = {isa = PBXFileReference; lastKnownFileType = sourcecode.swift; path = AppDelegate.swift; sourceTree = "<group>"; };
		46BDB9091C74E237000E5740 /* ViewController.swift */ = {isa = PBXFileReference; lastKnownFileType = sourcecode.swift; path = ViewController.swift; sourceTree = "<group>"; };
		46BDB90C1C74E237000E5740 /* Base */ = {isa = PBXFileReference; lastKnownFileType = file.storyboard; name = Base; path = Base.lproj/Main.storyboard; sourceTree = "<group>"; };
		46BDB90E1C74E237000E5740 /* Assets.xcassets */ = {isa = PBXFileReference; lastKnownFileType = folder.assetcatalog; path = Assets.xcassets; sourceTree = "<group>"; };
		46BDB9111C74E237000E5740 /* Base */ = {isa = PBXFileReference; lastKnownFileType = file.storyboard; name = Base; path = Base.lproj/LaunchScreen.storyboard; sourceTree = "<group>"; };
		46BDB9131C74E237000E5740 /* Info.plist */ = {isa = PBXFileReference; lastKnownFileType = text.plist.xml; path = Info.plist; sourceTree = "<group>"; };
/* End PBXFileReference section */

/* Begin PBXFrameworksBuildPhase section */
		46BDB9011C74E237000E5740 /* Frameworks */ = {
			isa = PBXFrameworksBuildPhase;
			buildActionMask = 2147483647;
			files = (
			);
			runOnlyForDeploymentPostprocessing = 0;
		};
/* End PBXFrameworksBuildPhase section */

/* Begin PBXGroup section */
		46BDB8FB1C74E237000E5740 = {
			isa = PBXGroup;
			children = (
				46BDB9061C74E237000E5740 /* Dive */,
				46BDB9051C74E237000E5740 /* Products */,
			);
			sourceTree = "<group>";
		};
		46BDB9051C74E237000E5740 /* Products */ = {
			isa = PBXGroup;
			children = (
				46BDB9041C74E237000E5740 /* Dive.app */,
			);
			name = Products;
			sourceTree = "<group>";
		};
		46BDB9061C74E237000E5740 /* Dive */ = {
			isa = PBXGroup;
			children = (
				46BDB9071C74E237000E5740 /* AppDelegate.swift */,
				46BDB9091C74E237000E5740 /* ViewController.swift */,
				464D7ABF1C766EF400FCC3D8 /* DiveCollectionViewController.swift */,
				464D7AC11C766F9F00FCC3D8 /* DiveCollectionViewCell.swift */,
				46BDB90B1C74E237000E5740 /* Main.storyboard */,
				46BDB90E1C74E237000E5740 /* Assets.xcassets */,
				46BDB9101C74E237000E5740 /* LaunchScreen.storyboard */,
				46BDB9131C74E237000E5740 /* Info.plist */,
			);
			path = Dive;
			sourceTree = "<group>";
		};
/* End PBXGroup section */

/* Begin PBXNativeTarget section */
		46BDB9031C74E237000E5740 /* Dive */ = {
			isa = PBXNativeTarget;
			buildConfigurationList = 46BDB9161C74E237000E5740 /* Build configuration list for PBXNativeTarget "Dive" */;
			buildPhases = (
				46BDB9001C74E237000E5740 /* Sources */,
				46BDB9011C74E237000E5740 /* Frameworks */,
				46BDB9021C74E237000E5740 /* Resources */,
			);
			buildRules = (
			);
			dependencies = (
			);
			name = Dive;
			productName = Dive;
			productReference = 46BDB9041C74E237000E5740 /* Dive.app */;
			productType = "com.apple.product-type.application";
		};
/* End PBXNativeTarget section */

/* Begin PBXProject section */
		46BDB8FC1C74E237000E5740 /* Project object */ = {
			isa = PBXProject;
			attributes = {
				LastSwiftUpdateCheck = 0720;
				LastUpgradeCheck = 0720;
				ORGANIZATIONNAME = "Andrew Breckenridge";
				TargetAttributes = {
					46BDB9031C74E237000E5740 = {
						CreatedOnToolsVersion = 7.2.1;
					};
				};
			};
			buildConfigurationList = 46BDB8FF1C74E237000E5740 /* Build configuration list for PBXProject "Dive" */;
			compatibilityVersion = "Xcode 3.2";
			developmentRegion = English;
			hasScannedForEncodings = 0;
			knownRegions = (
				en,
				Base,
			);
			mainGroup = 46BDB8FB1C74E237000E5740;
			productRefGroup = 46BDB9051C74E237000E5740 /* Products */;
			projectDirPath = "";
			projectRoot = "";
			targets = (
				46BDB9031C74E237000E5740 /* Dive */,
			);
		};
/* End PBXProject section */

/* Begin PBXResourcesBuildPhase section */
		46BDB9021C74E237000E5740 /* Resources */ = {
			isa = PBXResourcesBuildPhase;
			buildActionMask = 2147483647;
			files = (
				46BDB9121C74E237000E5740 /* LaunchScreen.storyboard in Resources */,
				46BDB90F1C74E237000E5740 /* Assets.xcassets in Resources */,
				46BDB90D1C74E237000E5740 /* Main.storyboard in Resources */,
			);
			runOnlyForDeploymentPostprocessing = 0;
		};
/* End PBXResourcesBuildPhase section */

/* Begin PBXSourcesBuildPhase section */
		46BDB9001C74E237000E5740 /* Sources */ = {
			isa = PBXSourcesBuildPhase;
			buildActionMask = 2147483647;
			files = (
				46BDB90A1C74E237000E5740 /* ViewController.swift in Sources */,
				46BDB9081C74E237000E5740 /* AppDelegate.swift in Sources */,
				464D7AC21C766F9F00FCC3D8 /* DiveCollectionViewCell.swift in Sources */,
				464D7AC01C766EF400FCC3D8 /* DiveCollectionViewController.swift in Sources */,
			);
			runOnlyForDeploymentPostprocessing = 0;
		};
/* End PBXSourcesBuildPhase section */

/* Begin PBXVariantGroup section */
		46BDB90B1C74E237000E5740 /* Main.storyboard */ = {
			isa = PBXVariantGroup;
			children = (
				46BDB90C1C74E237000E5740 /* Base */,
			);
			name = Main.storyboard;
			sourceTree = "<group>";
		};
		46BDB9101C74E237000E5740 /* LaunchScreen.storyboard */ = {
			isa = PBXVariantGroup;
			children = (
				46BDB9111C74E237000E5740 /* Base */,
			);
			name = LaunchScreen.storyboard;
			sourceTree = "<group>";
		};
/* End PBXVariantGroup section */

/* Begin XCBuildConfiguration section */
		46BDB9141C74E237000E5740 /* Debug */ = {
			isa = XCBuildConfiguration;
			buildSettings = {
				ALWAYS_SEARCH_USER_PATHS = NO;
				CLANG_CXX_LANGUAGE_STANDARD = "gnu++0x";
				CLANG_CXX_LIBRARY = "libc++";
				CLANG_ENABLE_MODULES = YES;
				CLANG_ENABLE_OBJC_ARC = YES;
				CLANG_WARN_BOOL_CONVERSION = YES;
				CLANG_WARN_CONSTANT_CONVERSION = YES;
				CLANG_WARN_DIRECT_OBJC_ISA_USAGE = YES_ERROR;
				CLANG_WARN_EMPTY_BODY = YES;
				CLANG_WARN_ENUM_CONVERSION = YES;
				CLANG_WARN_INT_CONVERSION = YES;
				CLANG_WARN_OBJC_ROOT_CLASS = YES_ERROR;
				CLANG_WARN_UNREACHABLE_CODE = YES;
				CLANG_WARN__DUPLICATE_METHOD_MATCH = YES;
				"CODE_SIGN_IDENTITY[sdk=iphoneos*]" = "iPhone Developer";
				COPY_PHASE_STRIP = NO;
				DEBUG_INFORMATION_FORMAT = dwarf;
				ENABLE_STRICT_OBJC_MSGSEND = YES;
				ENABLE_TESTABILITY = YES;
				GCC_C_LANGUAGE_STANDARD = gnu99;
				GCC_DYNAMIC_NO_PIC = NO;
				GCC_NO_COMMON_BLOCKS = YES;
				GCC_OPTIMIZATION_LEVEL = 0;
				GCC_PREPROCESSOR_DEFINITIONS = (
					"DEBUG=1",
					"$(inherited)",
				);
				GCC_WARN_64_TO_32_BIT_CONVERSION = YES;
				GCC_WARN_ABOUT_RETURN_TYPE = YES_ERROR;
				GCC_WARN_UNDECLARED_SELECTOR = YES;
				GCC_WARN_UNINITIALIZED_AUTOS = YES_AGGRESSIVE;
				GCC_WARN_UNUSED_FUNCTION = YES;
				GCC_WARN_UNUSED_VARIABLE = YES;
				IPHONEOS_DEPLOYMENT_TARGET = 9.2;
				MTL_ENABLE_DEBUG_INFO = YES;
				ONLY_ACTIVE_ARCH = YES;
				SDKROOT = iphoneos;
				SWIFT_OPTIMIZATION_LEVEL = "-Onone";
			};
			name = Debug;
		};
		46BDB9151C74E237000E5740 /* Release */ = {
			isa = XCBuildConfiguration;
			buildSettings = {
				ALWAYS_SEARCH_USER_PATHS = NO;
				CLANG_CXX_LANGUAGE_STANDARD = "gnu++0x";
				CLANG_CXX_LIBRARY = "libc++";
				CLANG_ENABLE_MODULES = YES;
				CLANG_ENABLE_OBJC_ARC = YES;
				CLANG_WARN_BOOL_CONVERSION = YES;
				CLANG_WARN_CONSTANT_CONVERSION = YES;
				CLANG_WARN_DIRECT_OBJC_ISA_USAGE = YES_ERROR;
				CLANG_WARN_EMPTY_BODY = YES;
				CLANG_WARN_ENUM_CONVERSION = YES;
				CLANG_WARN_INT_CONVERSION = YES;
				CLANG_WARN_OBJC_ROOT_CLASS = YES_ERROR;
				CLANG_WARN_UNREACHABLE_CODE = YES;
				CLANG_WARN__DUPLICATE_METHOD_MATCH = YES;
				"CODE_SIGN_IDENTITY[sdk=iphoneos*]" = "iPhone Developer";
				COPY_PHASE_STRIP = NO;
				DEBUG_INFORMATION_FORMAT = "dwarf-with-dsym";
				ENABLE_NS_ASSERTIONS = NO;
				ENABLE_STRICT_OBJC_MSGSEND = YES;
				GCC_C_LANGUAGE_STANDARD = gnu99;
				GCC_NO_COMMON_BLOCKS = YES;
				GCC_WARN_64_TO_32_BIT_CONVERSION = YES;
				GCC_WARN_ABOUT_RETURN_TYPE = YES_ERROR;
				GCC_WARN_UNDECLARED_SELECTOR = YES;
				GCC_WARN_UNINITIALIZED_AUTOS = YES_AGGRESSIVE;
				GCC_WARN_UNUSED_FUNCTION = YES;
				GCC_WARN_UNUSED_VARIABLE = YES;
				IPHONEOS_DEPLOYMENT_TARGET = 9.2;
				MTL_ENABLE_DEBUG_INFO = NO;
				SDKROOT = iphoneos;
				VALIDATE_PRODUCT = YES;
			};
			name = Release;
		};
		46BDB9171C74E237000E5740 /* Debug */ = {
			isa = XCBuildConfiguration;
			buildSettings = {
				ASSETCATALOG_COMPILER_APPICON_NAME = AppIcon;
				INFOPLIST_FILE = Dive/Info.plist;
				LD_RUNPATH_SEARCH_PATHS = "$(inherited) @executable_path/Frameworks";
				PRODUCT_BUNDLE_IDENTIFIER = tfw.Dive;
				PRODUCT_NAME = "$(TARGET_NAME)";
			};
			name = Debug;
		};
		46BDB9181C74E237000E5740 /* Release */ = {
			isa = XCBuildConfiguration;
			buildSettings = {
				ASSETCATALOG_COMPILER_APPICON_NAME = AppIcon;
				INFOPLIST_FILE = Dive/Info.plist;
				LD_RUNPATH_SEARCH_PATHS = "$(inherited) @executable_path/Frameworks";
				PRODUCT_BUNDLE_IDENTIFIER = tfw.Dive;
				PRODUCT_NAME = "$(TARGET_NAME)";
			};
			name = Release;
		};
/* End XCBuildConfiguration section */

/* Begin XCConfigurationList section */
		46BDB8FF1C74E237000E5740 /* Build configuration list for PBXProject "Dive" */ = {
			isa = XCConfigurationList;
			buildConfigurations = (
				46BDB9141C74E237000E5740 /* Debug */,
				46BDB9151C74E237000E5740 /* Release */,
			);
			defaultConfigurationIsVisible = 0;
			defaultConfigurationName = Release;
		};
		46BDB9161C74E237000E5740 /* Build configuration list for PBXNativeTarget "Dive" */ = {
			isa = XCConfigurationList;
			buildConfigurations = (
				46BDB9171C74E237000E5740 /* Debug */,
				46BDB9181C74E237000E5740 /* Release */,
			);
			defaultConfigurationIsVisible = 0;
			defaultConfigurationName = Release;
		};
/* End XCConfigurationList section */
	};
	rootObject = 46BDB8FC1C74E237000E5740 /* Project object */;
}
